// !$*UTF8*$!
{
	archiveVersion = 1;
	classes = {
	};
	objectVersion = 50;
	objects = {

/* Begin PBXBuildFile section */
		7414F1EF21F41DC100A9E30D /* function.swift in Sources */ = {isa = PBXBuildFile; fileRef = 7414F1EE21F41DC100A9E30D /* function.swift */; };
		7414F1F121F41ED500A9E30D /* variable.swift in Sources */ = {isa = PBXBuildFile; fileRef = 7414F1F021F41ED500A9E30D /* variable.swift */; };
		7414F1F321F41F7E00A9E30D /* class.swift in Sources */ = {isa = PBXBuildFile; fileRef = 7414F1F221F41F7E00A9E30D /* class.swift */; };
		7414F1F521F4205F00A9E30D /* controlflow.swift in Sources */ = {isa = PBXBuildFile; fileRef = 7414F1F421F4205F00A9E30D /* controlflow.swift */; };
		7414F1F721F4221400A9E30D /* bluetooth.swift in Sources */ = {isa = PBXBuildFile; fileRef = 7414F1F621F4221400A9E30D /* bluetooth.swift */; };
		747263F421F4CEBF00B2517C /* BlueShellTest.swift in Sources */ = {isa = PBXBuildFile; fileRef = 747263F321F4CEBF00B2517C /* BlueShellTest.swift */; };
		747263FA21F6252700B2517C /* struct.swift in Sources */ = {isa = PBXBuildFile; fileRef = 747263F921F6252700B2517C /* struct.swift */; };
		747263FC21F7682300B2517C /* protocol.swift in Sources */ = {isa = PBXBuildFile; fileRef = 747263FB21F7682300B2517C /* protocol.swift */; };
		747263FE21F8BB8500B2517C /* error_handle.swift in Sources */ = {isa = PBXBuildFile; fileRef = 747263FD21F8BB8500B2517C /* error_handle.swift */; };
		7472640021F8CC5B00B2517C /* test.swift in Sources */ = {isa = PBXBuildFile; fileRef = 747263FF21F8CC5B00B2517C /* test.swift */; };
		7472640221FA090800B2517C /* generics.swift in Sources */ = {isa = PBXBuildFile; fileRef = 7472640121FA090800B2517C /* generics.swift */; };
		747625FA21F0CDA300A773AB /* main.swift in Sources */ = {isa = PBXBuildFile; fileRef = 747625F921F0CDA300A773AB /* main.swift */; };
		7476260221F0CDC200A773AB /* CoreBluetooth.framework in Frameworks */ = {isa = PBXBuildFile; fileRef = 7476260121F0CDC200A773AB /* CoreBluetooth.framework */; };
		7476260421F0CE1800A773AB /* basic.swift in Sources */ = {isa = PBXBuildFile; fileRef = 7476260321F0CE1800A773AB /* basic.swift */; };
/* End PBXBuildFile section */

/* Begin PBXCopyFilesBuildPhase section */
		747625F421F0CDA300A773AB /* CopyFiles */ = {
			isa = PBXCopyFilesBuildPhase;
			buildActionMask = 2147483647;
			dstPath = /usr/share/man/man1/;
			dstSubfolderSpec = 0;
			files = (
			);
			runOnlyForDeploymentPostprocessing = 1;
		};
/* End PBXCopyFilesBuildPhase section */

/* Begin PBXFileReference section */
		7414F1EE21F41DC100A9E30D /* function.swift */ = {isa = PBXFileReference; lastKnownFileType = sourcecode.swift; path = function.swift; sourceTree = "<group>"; };
		7414F1F021F41ED500A9E30D /* variable.swift */ = {isa = PBXFileReference; lastKnownFileType = sourcecode.swift; path = variable.swift; sourceTree = "<group>"; };
		7414F1F221F41F7E00A9E30D /* class.swift */ = {isa = PBXFileReference; lastKnownFileType = sourcecode.swift; path = class.swift; sourceTree = "<group>"; };
		7414F1F421F4205F00A9E30D /* controlflow.swift */ = {isa = PBXFileReference; lastKnownFileType = sourcecode.swift; path = controlflow.swift; sourceTree = "<group>"; };
		7414F1F621F4221400A9E30D /* bluetooth.swift */ = {isa = PBXFileReference; lastKnownFileType = sourcecode.swift; path = bluetooth.swift; sourceTree = "<group>"; };
		747263F121F4CEBF00B2517C /* BlueShellTest.xctest */ = {isa = PBXFileReference; explicitFileType = wrapper.cfbundle; includeInIndex = 0; path = BlueShellTest.xctest; sourceTree = BUILT_PRODUCTS_DIR; };
		747263F321F4CEBF00B2517C /* BlueShellTest.swift */ = {isa = PBXFileReference; lastKnownFileType = sourcecode.swift; path = BlueShellTest.swift; sourceTree = "<group>"; };
		747263F521F4CEBF00B2517C /* Info.plist */ = {isa = PBXFileReference; lastKnownFileType = text.plist.xml; path = Info.plist; sourceTree = "<group>"; };
		747263F921F6252700B2517C /* struct.swift */ = {isa = PBXFileReference; lastKnownFileType = sourcecode.swift; path = struct.swift; sourceTree = "<group>"; };
		747263FB21F7682300B2517C /* protocol.swift */ = {isa = PBXFileReference; lastKnownFileType = sourcecode.swift; path = protocol.swift; sourceTree = "<group>"; };
		747263FD21F8BB8500B2517C /* error_handle.swift */ = {isa = PBXFileReference; lastKnownFileType = sourcecode.swift; path = error_handle.swift; sourceTree = "<group>"; };
		747263FF21F8CC5B00B2517C /* test.swift */ = {isa = PBXFileReference; lastKnownFileType = sourcecode.swift; path = test.swift; sourceTree = "<group>"; };
		7472640121FA090800B2517C /* generics.swift */ = {isa = PBXFileReference; lastKnownFileType = sourcecode.swift; path = generics.swift; sourceTree = "<group>"; };
		747625F621F0CDA300A773AB /* BlueShell */ = {isa = PBXFileReference; explicitFileType = "compiled.mach-o.executable"; includeInIndex = 0; path = BlueShell; sourceTree = BUILT_PRODUCTS_DIR; };
		747625F921F0CDA300A773AB /* main.swift */ = {isa = PBXFileReference; lastKnownFileType = sourcecode.swift; path = main.swift; sourceTree = "<group>"; };
		7476260121F0CDC200A773AB /* CoreBluetooth.framework */ = {isa = PBXFileReference; lastKnownFileType = wrapper.framework; name = CoreBluetooth.framework; path = System/Library/Frameworks/CoreBluetooth.framework; sourceTree = SDKROOT; };
		7476260321F0CE1800A773AB /* basic.swift */ = {isa = PBXFileReference; lastKnownFileType = sourcecode.swift; path = basic.swift; sourceTree = "<group>"; };
/* End PBXFileReference section */

/* Begin PBXFrameworksBuildPhase section */
		747263EE21F4CEBF00B2517C /* Frameworks */ = {
			isa = PBXFrameworksBuildPhase;
			buildActionMask = 2147483647;
			files = (
			);
			runOnlyForDeploymentPostprocessing = 0;
		};
		747625F321F0CDA300A773AB /* Frameworks */ = {
			isa = PBXFrameworksBuildPhase;
			buildActionMask = 2147483647;
			files = (
				7476260221F0CDC200A773AB /* CoreBluetooth.framework in Frameworks */,
			);
			runOnlyForDeploymentPostprocessing = 0;
		};
/* End PBXFrameworksBuildPhase section */

/* Begin PBXGroup section */
		747263F221F4CEBF00B2517C /* BlueShellTest */ = {
			isa = PBXGroup;
			children = (
				747263F321F4CEBF00B2517C /* BlueShellTest.swift */,
				747263FF21F8CC5B00B2517C /* test.swift */,
				747263F521F4CEBF00B2517C /* Info.plist */,
			);
			path = BlueShellTest;
			sourceTree = "<group>";
		};
		747625ED21F0CDA300A773AB = {
			isa = PBXGroup;
			children = (
				747625F821F0CDA300A773AB /* BlueShell */,
				747263F221F4CEBF00B2517C /* BlueShellTest */,
				747625F721F0CDA300A773AB /* Products */,
				7476260021F0CDC200A773AB /* Frameworks */,
			);
			sourceTree = "<group>";
		};
		747625F721F0CDA300A773AB /* Products */ = {
			isa = PBXGroup;
			children = (
				747625F621F0CDA300A773AB /* BlueShell */,
				747263F121F4CEBF00B2517C /* BlueShellTest.xctest */,
			);
			name = Products;
			sourceTree = "<group>";
		};
		747625F821F0CDA300A773AB /* BlueShell */ = {
			isa = PBXGroup;
			children = (
				747625F921F0CDA300A773AB /* main.swift */,
				7472640121FA090800B2517C /* generics.swift */,
				7414F1F621F4221400A9E30D /* bluetooth.swift */,
				747263F921F6252700B2517C /* struct.swift */,
				747263FD21F8BB8500B2517C /* error_handle.swift */,
				747263FB21F7682300B2517C /* protocol.swift */,
				7476260321F0CE1800A773AB /* basic.swift */,
				7414F1F021F41ED500A9E30D /* variable.swift */,
				7414F1F221F41F7E00A9E30D /* class.swift */,
				7414F1EE21F41DC100A9E30D /* function.swift */,
				7414F1F421F4205F00A9E30D /* controlflow.swift */,
			);
			path = BlueShell;
			sourceTree = "<group>";
		};
		7476260021F0CDC200A773AB /* Frameworks */ = {
			isa = PBXGroup;
			children = (
				7476260121F0CDC200A773AB /* CoreBluetooth.framework */,
			);
			name = Frameworks;
			sourceTree = "<group>";
		};
/* End PBXGroup section */

/* Begin PBXNativeTarget section */
		747263F021F4CEBF00B2517C /* BlueShellTest */ = {
			isa = PBXNativeTarget;
			buildConfigurationList = 747263F821F4CEBF00B2517C /* Build configuration list for PBXNativeTarget "BlueShellTest" */;
			buildPhases = (
				747263ED21F4CEBF00B2517C /* Sources */,
				747263EE21F4CEBF00B2517C /* Frameworks */,
				747263EF21F4CEBF00B2517C /* Resources */,
			);
			buildRules = (
			);
			dependencies = (
			);
			name = BlueShellTest;
			productName = BlueShellTest;
			productReference = 747263F121F4CEBF00B2517C /* BlueShellTest.xctest */;
			productType = "com.apple.product-type.bundle.unit-test";
		};
		747625F521F0CDA300A773AB /* BlueShell */ = {
			isa = PBXNativeTarget;
			buildConfigurationList = 747625FD21F0CDA300A773AB /* Build configuration list for PBXNativeTarget "BlueShell" */;
			buildPhases = (
				747625F221F0CDA300A773AB /* Sources */,
				747625F321F0CDA300A773AB /* Frameworks */,
				747625F421F0CDA300A773AB /* CopyFiles */,
			);
			buildRules = (
			);
			dependencies = (
			);
			name = BlueShell;
			productName = BlueShell;
			productReference = 747625F621F0CDA300A773AB /* BlueShell */;
			productType = "com.apple.product-type.tool";
		};
/* End PBXNativeTarget section */

/* Begin PBXProject section */
		747625EE21F0CDA300A773AB /* Project object */ = {
			isa = PBXProject;
			attributes = {
				LastSwiftUpdateCheck = 1010;
				LastUpgradeCheck = 1010;
				ORGANIZATIONNAME = WnnWoo;
				TargetAttributes = {
					747263F021F4CEBF00B2517C = {
						CreatedOnToolsVersion = 10.1;
					};
					747625F521F0CDA300A773AB = {
						CreatedOnToolsVersion = 10.1;
					};
				};
			};
			buildConfigurationList = 747625F121F0CDA300A773AB /* Build configuration list for PBXProject "BlueShell" */;
			compatibilityVersion = "Xcode 9.3";
			developmentRegion = en;
			hasScannedForEncodings = 0;
			knownRegions = (
				en,
			);
			mainGroup = 747625ED21F0CDA300A773AB;
			productRefGroup = 747625F721F0CDA300A773AB /* Products */;
			projectDirPath = "";
			projectRoot = "";
			targets = (
				747625F521F0CDA300A773AB /* BlueShell */,
				747263F021F4CEBF00B2517C /* BlueShellTest */,
			);
		};
/* End PBXProject section */

/* Begin PBXResourcesBuildPhase section */
		747263EF21F4CEBF00B2517C /* Resources */ = {
			isa = PBXResourcesBuildPhase;
			buildActionMask = 2147483647;
			files = (
			);
			runOnlyForDeploymentPostprocessing = 0;
		};
/* End PBXResourcesBuildPhase section */

/* Begin PBXSourcesBuildPhase section */
		747263ED21F4CEBF00B2517C /* Sources */ = {
			isa = PBXSourcesBuildPhase;
			buildActionMask = 2147483647;
			files = (
				747263F421F4CEBF00B2517C /* BlueShellTest.swift in Sources */,
				7472640021F8CC5B00B2517C /* test.swift in Sources */,
			);
			runOnlyForDeploymentPostprocessing = 0;
		};
		747625F221F0CDA300A773AB /* Sources */ = {
			isa = PBXSourcesBuildPhase;
			buildActionMask = 2147483647;
			files = (
				7414F1F721F4221400A9E30D /* bluetooth.swift in Sources */,
				7476260421F0CE1800A773AB /* basic.swift in Sources */,
				7414F1F521F4205F00A9E30D /* controlflow.swift in Sources */,
				747625FA21F0CDA300A773AB /* main.swift in Sources */,
				747263FC21F7682300B2517C /* protocol.swift in Sources */,
				747263FA21F6252700B2517C /* struct.swift in Sources */,
				7414F1F321F41F7E00A9E30D /* class.swift in Sources */,
				7414F1EF21F41DC100A9E30D /* function.swift in Sources */,
				747263FE21F8BB8500B2517C /* error_handle.swift in Sources */,
				7414F1F121F41ED500A9E30D /* variable.swift in Sources */,
				7472640221FA090800B2517C /* generics.swift in Sources */,
			);
			runOnlyForDeploymentPostprocessing = 0;
		};
/* End PBXSourcesBuildPhase section */

/* Begin XCBuildConfiguration section */
		747263F621F4CEBF00B2517C /* Debug */ = {
			isa = XCBuildConfiguration;
			buildSettings = {
				CODE_SIGN_IDENTITY = "-";
				CODE_SIGN_STYLE = Automatic;
				COMBINE_HIDPI_IMAGES = YES;
				DEVELOPMENT_TEAM = 27PSKW9MUQ;
				INFOPLIST_FILE = BlueShellTest/Info.plist;
				LD_RUNPATH_SEARCH_PATHS = (
					"$(inherited)",
					"@executable_path/../Frameworks",
					"@loader_path/../Frameworks",
				);
				PRODUCT_BUNDLE_IDENTIFIER = Blueface.BlueShellTest;
				PRODUCT_NAME = "$(TARGET_NAME)";
				SWIFT_VERSION = 4.2;
			};
			name = Debug;
		};
		747263F721F4CEBF00B2517C /* Release */ = {
			isa = XCBuildConfiguration;
			buildSettings = {
				CODE_SIGN_IDENTITY = "-";
				CODE_SIGN_STYLE = Automatic;
				COMBINE_HIDPI_IMAGES = YES;
				DEVELOPMENT_TEAM = 27PSKW9MUQ;
				INFOPLIST_FILE = BlueShellTest/Info.plist;
				LD_RUNPATH_SEARCH_PATHS = (
					"$(inherited)",
					"@executable_path/../Frameworks",
					"@loader_path/../Frameworks",
				);
				PRODUCT_BUNDLE_IDENTIFIER = Blueface.BlueShellTest;
				PRODUCT_NAME = "$(TARGET_NAME)";
				SWIFT_VERSION = 4.2;
			};
			name = Release;
		};
		747625FB21F0CDA300A773AB /* Debug */ = {
			isa = XCBuildConfiguration;
			buildSettings = {
				ALWAYS_SEARCH_USER_PATHS = NO;
				CLANG_ANALYZER_NONNULL = YES;
				CLANG_ANALYZER_NUMBER_OBJECT_CONVERSION = YES_AGGRESSIVE;
				CLANG_CXX_LANGUAGE_STANDARD = "gnu++14";
				CLANG_CXX_LIBRARY = "libc++";
				CLANG_ENABLE_MODULES = YES;
				CLANG_ENABLE_OBJC_ARC = YES;
				CLANG_ENABLE_OBJC_WEAK = YES;
				CLANG_WARN_BLOCK_CAPTURE_AUTORELEASING = YES;
				CLANG_WARN_BOOL_CONVERSION = YES;
				CLANG_WARN_COMMA = YES;
				CLANG_WARN_CONSTANT_CONVERSION = YES;
				CLANG_WARN_DEPRECATED_OBJC_IMPLEMENTATIONS = YES;
				CLANG_WARN_DIRECT_OBJC_ISA_USAGE = YES_ERROR;
				CLANG_WARN_DOCUMENTATION_COMMENTS = YES;
				CLANG_WARN_EMPTY_BODY = YES;
				CLANG_WARN_ENUM_CONVERSION = YES;
				CLANG_WARN_INFINITE_RECURSION = YES;
				CLANG_WARN_INT_CONVERSION = YES;
				CLANG_WARN_NON_LITERAL_NULL_CONVERSION = YES;
				CLANG_WARN_OBJC_IMPLICIT_RETAIN_SELF = YES;
				CLANG_WARN_OBJC_LITERAL_CONVERSION = YES;
				CLANG_WARN_OBJC_ROOT_CLASS = YES_ERROR;
				CLANG_WARN_RANGE_LOOP_ANALYSIS = YES;
				CLANG_WARN_STRICT_PROTOTYPES = YES;
				CLANG_WARN_SUSPICIOUS_MOVE = YES;
				CLANG_WARN_UNGUARDED_AVAILABILITY = YES_AGGRESSIVE;
				CLANG_WARN_UNREACHABLE_CODE = YES;
				CLANG_WARN__DUPLICATE_METHOD_MATCH = YES;
				CODE_SIGN_IDENTITY = "Mac Developer";
				COPY_PHASE_STRIP = NO;
				DEBUG_INFORMATION_FORMAT = dwarf;
				ENABLE_STRICT_OBJC_MSGSEND = YES;
				ENABLE_TESTABILITY = YES;
				GCC_C_LANGUAGE_STANDARD = gnu11;
				GCC_DYNAMIC_NO_PIC = NO;
				GCC_NO_COMMON_BLOCKS = YES;
				GCC_OPTIMIZATION_LEVEL = 0;
				GCC_PREPROCESSOR_DEFINITIONS = (
					"DEBUG=1",
					"$(inherited)",
				);
				GCC_WARN_64_TO_32_BIT_CONVERSION = YES;
				GCC_WARN_ABOUT_RETURN_TYPE = YES_ERROR;
				GCC_WARN_UNDECLARED_SELECTOR = YES;
				GCC_WARN_UNINITIALIZED_AUTOS = YES_AGGRESSIVE;
				GCC_WARN_UNUSED_FUNCTION = YES;
				GCC_WARN_UNUSED_VARIABLE = YES;
				MACOSX_DEPLOYMENT_TARGET = 10.13;
				MTL_ENABLE_DEBUG_INFO = INCLUDE_SOURCE;
				MTL_FAST_MATH = YES;
				ONLY_ACTIVE_ARCH = YES;
				SDKROOT = macosx;
				SWIFT_ACTIVE_COMPILATION_CONDITIONS = DEBUG;
				SWIFT_OPTIMIZATION_LEVEL = "-Onone";
			};
			name = Debug;
		};
		747625FC21F0CDA300A773AB /* Release */ = {
			isa = XCBuildConfiguration;
			buildSettings = {
				ALWAYS_SEARCH_USER_PATHS = NO;
				CLANG_ANALYZER_NONNULL = YES;
				CLANG_ANALYZER_NUMBER_OBJECT_CONVERSION = YES_AGGRESSIVE;
				CLANG_CXX_LANGUAGE_STANDARD = "gnu++14";
				CLANG_CXX_LIBRARY = "libc++";
				CLANG_ENABLE_MODULES = YES;
				CLANG_ENABLE_OBJC_ARC = YES;
				CLANG_ENABLE_OBJC_WEAK = YES;
				CLANG_WARN_BLOCK_CAPTURE_AUTORELEASING = YES;
				CLANG_WARN_BOOL_CONVERSION = YES;
				CLANG_WARN_COMMA = YES;
				CLANG_WARN_CONSTANT_CONVERSION = YES;
				CLANG_WARN_DEPRECATED_OBJC_IMPLEMENTATIONS = YES;
				CLANG_WARN_DIRECT_OBJC_ISA_USAGE = YES_ERROR;
				CLANG_WARN_DOCUMENTATION_COMMENTS = YES;
				CLANG_WARN_EMPTY_BODY = YES;
				CLANG_WARN_ENUM_CONVERSION = YES;
				CLANG_WARN_INFINITE_RECURSION = YES;
				CLANG_WARN_INT_CONVERSION = YES;
				CLANG_WARN_NON_LITERAL_NULL_CONVERSION = YES;
				CLANG_WARN_OBJC_IMPLICIT_RETAIN_SELF = YES;
				CLANG_WARN_OBJC_LITERAL_CONVERSION = YES;
				CLANG_WARN_OBJC_ROOT_CLASS = YES_ERROR;
				CLANG_WARN_RANGE_LOOP_ANALYSIS = YES;
				CLANG_WARN_STRICT_PROTOTYPES = YES;
				CLANG_WARN_SUSPICIOUS_MOVE = YES;
				CLANG_WARN_UNGUARDED_AVAILABILITY = YES_AGGRESSIVE;
				CLANG_WARN_UNREACHABLE_CODE = YES;
				CLANG_WARN__DUPLICATE_METHOD_MATCH = YES;
				CODE_SIGN_IDENTITY = "Mac Developer";
				COPY_PHASE_STRIP = NO;
				DEBUG_INFORMATION_FORMAT = "dwarf-with-dsym";
				ENABLE_NS_ASSERTIONS = NO;
				ENABLE_STRICT_OBJC_MSGSEND = YES;
				GCC_C_LANGUAGE_STANDARD = gnu11;
				GCC_NO_COMMON_BLOCKS = YES;
				GCC_WARN_64_TO_32_BIT_CONVERSION = YES;
				GCC_WARN_ABOUT_RETURN_TYPE = YES_ERROR;
				GCC_WARN_UNDECLARED_SELECTOR = YES;
				GCC_WARN_UNINITIALIZED_AUTOS = YES_AGGRESSIVE;
				GCC_WARN_UNUSED_FUNCTION = YES;
				GCC_WARN_UNUSED_VARIABLE = YES;
				MACOSX_DEPLOYMENT_TARGET = 10.13;
				MTL_ENABLE_DEBUG_INFO = NO;
				MTL_FAST_MATH = YES;
				SDKROOT = macosx;
				SWIFT_COMPILATION_MODE = wholemodule;
				SWIFT_OPTIMIZATION_LEVEL = "-O";
			};
			name = Release;
		};
		747625FE21F0CDA300A773AB /* Debug */ = {
			isa = XCBuildConfiguration;
			buildSettings = {
				CODE_SIGN_IDENTITY = "-";
				CODE_SIGN_STYLE = Automatic;
				DEVELOPMENT_TEAM = 27PSKW9MUQ;
				MACOSX_DEPLOYMENT_TARGET = 10.14;
				PRODUCT_NAME = "$(TARGET_NAME)";
				SWIFT_VERSION = 4.2;
			};
			name = Debug;
		};
		747625FF21F0CDA300A773AB /* Release */ = {
			isa = XCBuildConfiguration;
			buildSettings = {
				CODE_SIGN_IDENTITY = "-";
				CODE_SIGN_STYLE = Automatic;
				DEVELOPMENT_TEAM = 27PSKW9MUQ;
				MACOSX_DEPLOYMENT_TARGET = 10.14;
				PRODUCT_NAME = "$(TARGET_NAME)";
				SWIFT_VERSION = 4.2;
			};
			name = Release;
		};
/* End XCBuildConfiguration section */

/* Begin XCConfigurationList section */
		747263F821F4CEBF00B2517C /* Build configuration list for PBXNativeTarget "BlueShellTest" */ = {
			isa = XCConfigurationList;
			buildConfigurations = (
				747263F621F4CEBF00B2517C /* Debug */,
				747263F721F4CEBF00B2517C /* Release */,
			);
			defaultConfigurationIsVisible = 0;
			defaultConfigurationName = Release;
		};
		747625F121F0CDA300A773AB /* Build configuration list for PBXProject "BlueShell" */ = {
			isa = XCConfigurationList;
			buildConfigurations = (
				747625FB21F0CDA300A773AB /* Debug */,
				747625FC21F0CDA300A773AB /* Release */,
			);
			defaultConfigurationIsVisible = 0;
			defaultConfigurationName = Release;
		};
		747625FD21F0CDA300A773AB /* Build configuration list for PBXNativeTarget "BlueShell" */ = {
			isa = XCConfigurationList;
			buildConfigurations = (
				747625FE21F0CDA300A773AB /* Debug */,
				747625FF21F0CDA300A773AB /* Release */,
			);
			defaultConfigurationIsVisible = 0;
			defaultConfigurationName = Release;
		};
/* End XCConfigurationList section */
	};
	rootObject = 747625EE21F0CDA300A773AB /* Project object */;
}
